
Microsoft Visual Studio Solution File, Format Version 12.00
# Visual Studio Version 17
VisualStudioVersion = 17.0.31903.59
MinimumVisualStudioVersion = 10.0.40219.1
Project("{FAE04EC0-301F-11D3-BF4B-00C04F79EFBC}") = "SabreTools.IO", "SabreTools.IO\SabreTools.IO.csproj", "{87CE4411-80D9-49FF-894C-761F1C20D9A5}"
EndProject
Project("{FAE04EC0-301F-11D3-BF4B-00C04F79EFBC}") = "SabreTools.IO.Test", "SabreTools.IO.Test\SabreTools.IO.Test.csproj", "{A9767735-5042-48A1-849C-96035DB1DD53}"
EndProject
Project("{FAE04EC0-301F-11D3-BF4B-00C04F79EFBC}") = "SabreTools.Numerics.Test", "SabreTools.Numerics.Test\SabreTools.Numerics.Test.csproj", "{58B5EF2F-A8E2-436A-97F0-9F85CDD8718A}"
EndProject
Project("{FAE04EC0-301F-11D3-BF4B-00C04F79EFBC}") = "SabreTools.Logging.Test", "SabreTools.Logging.Test\SabreTools.Logging.Test.csproj", "{1EAE05D0-628C-4DF2-8218-0732BB5F19D0}"
EndProject
Project("{FAE04EC0-301F-11D3-BF4B-00C04F79EFBC}") = "SabreTools.Matching.Test", "SabreTools.Matching.Test\SabreTools.Matching.Test.csproj", "{82063637-F67C-4B51-9923-38ED7D3552A3}"
EndProject
Project("{FAE04EC0-301F-11D3-BF4B-00C04F79EFBC}") = "SabreTools.Text.Compare.Test", "SabreTools.Text.Compare.Test\SabreTools.Text.Compare.Test.csproj", "{2FEFC7F7-814D-4FDB-84CA-946137373160}"
EndProject
Project("{FAE04EC0-301F-11D3-BF4B-00C04F79EFBC}") = "SabreTools.Text.INI.Test", "SabreTools.Text.INI.Test\SabreTools.Text.INI.Test.csproj", "{4054E2C0-AC30-44EA-916E-73DD9FB3F2D0}"
EndProject
Project("{FAE04EC0-301F-11D3-BF4B-00C04F79EFBC}") = "SabreTools.Text.ClrMamePro.Test", "SabreTools.Text.ClrMamePro.Test\SabreTools.Text.ClrMamePro.Test.csproj", "{5AC10438-6EFC-408F-86F9-8B969C91DF9D}"
EndProject
Project("{FAE04EC0-301F-11D3-BF4B-00C04F79EFBC}") = "SabreTools.Text.SeparatedValue.Test", "SabreTools.Text.SeparatedValue.Test\SabreTools.Text.SeparatedValue.Test.csproj", "{F6366D73-08CF-4169-A05D-DC69047703E0}"
EndProject
Project("{FAE04EC0-301F-11D3-BF4B-00C04F79EFBC}") = "SabreTools.Text.Extensions.Test", "SabreTools.Text.Extensions.Test\SabreTools.Text.Extensions.Test.csproj", "{71B85140-6468-4747-AF42-C1C0F04A4D80}"
EndProject
Project("{FAE04EC0-301F-11D3-BF4B-00C04F79EFBC}") = "SabreTools.IO.Meta", "SabreTools.IO.Meta\SabreTools.IO.Meta.csproj", "{5BCF7EB4-33AC-4139-8466-41E06FF86072}"
EndProject
Project("{FAE04EC0-301F-11D3-BF4B-00C04F79EFBC}") = "SabreTools.IO.Compression", "SabreTools.IO.Compression\SabreTools.IO.Compression.csproj", "{00D197D9-6F57-44FA-A399-FFEA61603B28}"
EndProject
Project("{FAE04EC0-301F-11D3-BF4B-00C04F79EFBC}") = "SabreTools.IO.Extensions", "SabreTools.IO.Extensions\SabreTools.IO.Extensions.csproj", "{ABC3D682-4A02-46FB-8EC3-27D0119D3042}"
EndProject
Project("{FAE04EC0-301F-11D3-BF4B-00C04F79EFBC}") = "SabreTools.Logging", "SabreTools.Logging\SabreTools.Logging.csproj", "{9A192B06-8970-4763-AB78-4B1C9FA854E1}"
EndProject
Project("{FAE04EC0-301F-11D3-BF4B-00C04F79EFBC}") = "SabreTools.Matching", "SabreTools.Matching\SabreTools.Matching.csproj", "{97265DE9-5B64-459B-A768-2B8C6311FE11}"
EndProject
Project("{FAE04EC0-301F-11D3-BF4B-00C04F79EFBC}") = "SabreTools.Numerics", "SabreTools.Numerics\SabreTools.Numerics.csproj", "{D00B8345-6472-4EF9-8953-CFCA8734DA6F}"
EndProject
Project("{FAE04EC0-301F-11D3-BF4B-00C04F79EFBC}") = "SabreTools.Security.Cryptography", "SabreTools.Security.Cryptography\SabreTools.Security.Cryptography.csproj", "{5DC86AB2-C224-49F4-8AB3-C91DC8186FD7}"
EndProject
Project("{FAE04EC0-301F-11D3-BF4B-00C04F79EFBC}") = "SabreTools.Text.ClrMamePro", "SabreTools.Text.ClrMamePro\SabreTools.Text.ClrMamePro.csproj", "{F152E4A8-B9B2-4AAC-A27E-760D391F2D2D}"
EndProject
Project("{FAE04EC0-301F-11D3-BF4B-00C04F79EFBC}") = "SabreTools.Text.Compare", "SabreTools.Text.Compare\SabreTools.Text.Compare.csproj", "{168D97AB-4D17-4015-BCFC-6CC1FA24E747}"
EndProject
Project("{FAE04EC0-301F-11D3-BF4B-00C04F79EFBC}") = "SabreTools.Text.INI", "SabreTools.Text.INI\SabreTools.Text.INI.csproj", "{6FB12A7F-4285-4D64-B972-A3F07E416448}"
EndProject
Project("{FAE04EC0-301F-11D3-BF4B-00C04F79EFBC}") = "SabreTools.Text.SeparatedValue", "SabreTools.Text.SeparatedValue\SabreTools.Text.SeparatedValue.csproj", "{E1E0B039-2714-40EE-9BF2-0864D3D3535A}"
EndProject
Project("{FAE04EC0-301F-11D3-BF4B-00C04F79EFBC}") = "SabreTools.Text.Extensions", "SabreTools.Text.Extensions\SabreTools.Text.Extensions.csproj", "{E8842271-ECA1-41BD-B360-E3C73505BAEC}"
EndProject
Project("{FAE04EC0-301F-11D3-BF4B-00C04F79EFBC}") = "SabreTools.IO.Compression.Test", "SabreTools.IO.Compression.Test\SabreTools.IO.Compression.Test.csproj", "{F3036FE7-8B03-4B47-AE6D-93E99C09FF8F}"
EndProject
Project("{FAE04EC0-301F-11D3-BF4B-00C04F79EFBC}") = "SabreTools.IO.Extensions.Test", "SabreTools.IO.Extensions.Test\SabreTools.IO.Extensions.Test.csproj", "{C829B479-3D3B-48EE-BDD7-5EFB40340166}"
EndProject
Project("{FAE04EC0-301F-11D3-BF4B-00C04F79EFBC}") = "SabreTools.Numerics.Extensions", "SabreTools.Numerics.Extensions\SabreTools.Numerics.Extensions.csproj", "{0D898742-CF37-46F9-AD41-42D7A9DDEDDC}"
EndProject
Project("{FAE04EC0-301F-11D3-BF4B-00C04F79EFBC}") = "SabreTools.Numerics.Extensions.Test", "SabreTools.Numerics.Extensions.Test\SabreTools.Numerics.Extensions.Test.csproj", "{058292DF-E791-4206-9F67-DBCD76BB284C}"
EndProject
Project("{FAE04EC0-301F-11D3-BF4B-00C04F79EFBC}") = "SabreTools.Collections.Extensions", "SabreTools.Collections.Extensions\SabreTools.Collections.Extensions.csproj", "{BAEF98B9-BF0F-47E3-993E-5FDD37B71193}"
EndProject
Project("{FAE04EC0-301F-11D3-BF4B-00C04F79EFBC}") = "SabreTools.Collections.Extensions.Test", "SabreTools.Collections.Extensions.Test\SabreTools.Collections.Extensions.Test.csproj", "{C32AA0AE-46ED-49CE-9E4F-84B45130D2CE}"
EndProject
Global
	GlobalSection(SolutionConfigurationPlatforms) = preSolution
		Debug|Any CPU = Debug|Any CPU
		Debug|x64 = Debug|x64
		Debug|x86 = Debug|x86
		Release|Any CPU = Release|Any CPU
		Release|x64 = Release|x64
		Release|x86 = Release|x86
	EndGlobalSection
	GlobalSection(ProjectConfigurationPlatforms) = postSolution
		{87CE4411-80D9-49FF-894C-761F1C20D9A5}.Debug|Any CPU.ActiveCfg = Debug|Any CPU
		{87CE4411-80D9-49FF-894C-761F1C20D9A5}.Debug|Any CPU.Build.0 = Debug|Any CPU
		{87CE4411-80D9-49FF-894C-761F1C20D9A5}.Debug|x64.ActiveCfg = Debug|Any CPU
		{87CE4411-80D9-49FF-894C-761F1C20D9A5}.Debug|x64.Build.0 = Debug|Any CPU
		{87CE4411-80D9-49FF-894C-761F1C20D9A5}.Debug|x86.ActiveCfg = Debug|Any CPU
		{87CE4411-80D9-49FF-894C-761F1C20D9A5}.Debug|x86.Build.0 = Debug|Any CPU
		{87CE4411-80D9-49FF-894C-761F1C20D9A5}.Release|Any CPU.ActiveCfg = Release|Any CPU
		{87CE4411-80D9-49FF-894C-761F1C20D9A5}.Release|Any CPU.Build.0 = Release|Any CPU
		{87CE4411-80D9-49FF-894C-761F1C20D9A5}.Release|x64.ActiveCfg = Release|Any CPU
		{87CE4411-80D9-49FF-894C-761F1C20D9A5}.Release|x64.Build.0 = Release|Any CPU
		{87CE4411-80D9-49FF-894C-761F1C20D9A5}.Release|x86.ActiveCfg = Release|Any CPU
		{87CE4411-80D9-49FF-894C-761F1C20D9A5}.Release|x86.Build.0 = Release|Any CPU
		{A9767735-5042-48A1-849C-96035DB1DD53}.Debug|Any CPU.ActiveCfg = Debug|Any CPU
		{A9767735-5042-48A1-849C-96035DB1DD53}.Debug|Any CPU.Build.0 = Debug|Any CPU
		{A9767735-5042-48A1-849C-96035DB1DD53}.Debug|x64.ActiveCfg = Debug|Any CPU
		{A9767735-5042-48A1-849C-96035DB1DD53}.Debug|x64.Build.0 = Debug|Any CPU
		{A9767735-5042-48A1-849C-96035DB1DD53}.Debug|x86.ActiveCfg = Debug|Any CPU
		{A9767735-5042-48A1-849C-96035DB1DD53}.Debug|x86.Build.0 = Debug|Any CPU
		{A9767735-5042-48A1-849C-96035DB1DD53}.Release|Any CPU.ActiveCfg = Release|Any CPU
		{A9767735-5042-48A1-849C-96035DB1DD53}.Release|Any CPU.Build.0 = Release|Any CPU
		{A9767735-5042-48A1-849C-96035DB1DD53}.Release|x64.ActiveCfg = Release|Any CPU
		{A9767735-5042-48A1-849C-96035DB1DD53}.Release|x64.Build.0 = Release|Any CPU
		{A9767735-5042-48A1-849C-96035DB1DD53}.Release|x86.ActiveCfg = Release|Any CPU
		{A9767735-5042-48A1-849C-96035DB1DD53}.Release|x86.Build.0 = Release|Any CPU
		{58B5EF2F-A8E2-436A-97F0-9F85CDD8718A}.Debug|Any CPU.ActiveCfg = Debug|Any CPU
		{58B5EF2F-A8E2-436A-97F0-9F85CDD8718A}.Debug|Any CPU.Build.0 = Debug|Any CPU
		{58B5EF2F-A8E2-436A-97F0-9F85CDD8718A}.Debug|x64.ActiveCfg = Debug|Any CPU
		{58B5EF2F-A8E2-436A-97F0-9F85CDD8718A}.Debug|x64.Build.0 = Debug|Any CPU
		{58B5EF2F-A8E2-436A-97F0-9F85CDD8718A}.Debug|x86.ActiveCfg = Debug|Any CPU
		{58B5EF2F-A8E2-436A-97F0-9F85CDD8718A}.Debug|x86.Build.0 = Debug|Any CPU
		{58B5EF2F-A8E2-436A-97F0-9F85CDD8718A}.Release|Any CPU.ActiveCfg = Release|Any CPU
		{58B5EF2F-A8E2-436A-97F0-9F85CDD8718A}.Release|Any CPU.Build.0 = Release|Any CPU
		{58B5EF2F-A8E2-436A-97F0-9F85CDD8718A}.Release|x64.ActiveCfg = Release|Any CPU
		{58B5EF2F-A8E2-436A-97F0-9F85CDD8718A}.Release|x64.Build.0 = Release|Any CPU
		{58B5EF2F-A8E2-436A-97F0-9F85CDD8718A}.Release|x86.ActiveCfg = Release|Any CPU
		{58B5EF2F-A8E2-436A-97F0-9F85CDD8718A}.Release|x86.Build.0 = Release|Any CPU
		{1EAE05D0-628C-4DF2-8218-0732BB5F19D0}.Debug|Any CPU.ActiveCfg = Debug|Any CPU
		{1EAE05D0-628C-4DF2-8218-0732BB5F19D0}.Debug|Any CPU.Build.0 = Debug|Any CPU
		{1EAE05D0-628C-4DF2-8218-0732BB5F19D0}.Debug|x64.ActiveCfg = Debug|Any CPU
		{1EAE05D0-628C-4DF2-8218-0732BB5F19D0}.Debug|x64.Build.0 = Debug|Any CPU
		{1EAE05D0-628C-4DF2-8218-0732BB5F19D0}.Debug|x86.ActiveCfg = Debug|Any CPU
		{1EAE05D0-628C-4DF2-8218-0732BB5F19D0}.Debug|x86.Build.0 = Debug|Any CPU
		{1EAE05D0-628C-4DF2-8218-0732BB5F19D0}.Release|Any CPU.ActiveCfg = Release|Any CPU
		{1EAE05D0-628C-4DF2-8218-0732BB5F19D0}.Release|Any CPU.Build.0 = Release|Any CPU
		{1EAE05D0-628C-4DF2-8218-0732BB5F19D0}.Release|x64.ActiveCfg = Release|Any CPU
		{1EAE05D0-628C-4DF2-8218-0732BB5F19D0}.Release|x64.Build.0 = Release|Any CPU
		{1EAE05D0-628C-4DF2-8218-0732BB5F19D0}.Release|x86.ActiveCfg = Release|Any CPU
		{1EAE05D0-628C-4DF2-8218-0732BB5F19D0}.Release|x86.Build.0 = Release|Any CPU
		{82063637-F67C-4B51-9923-38ED7D3552A3}.Debug|Any CPU.ActiveCfg = Debug|Any CPU
		{82063637-F67C-4B51-9923-38ED7D3552A3}.Debug|Any CPU.Build.0 = Debug|Any CPU
		{82063637-F67C-4B51-9923-38ED7D3552A3}.Debug|x64.ActiveCfg = Debug|Any CPU
		{82063637-F67C-4B51-9923-38ED7D3552A3}.Debug|x64.Build.0 = Debug|Any CPU
		{82063637-F67C-4B51-9923-38ED7D3552A3}.Debug|x86.ActiveCfg = Debug|Any CPU
		{82063637-F67C-4B51-9923-38ED7D3552A3}.Debug|x86.Build.0 = Debug|Any CPU
		{82063637-F67C-4B51-9923-38ED7D3552A3}.Release|Any CPU.ActiveCfg = Release|Any CPU
		{82063637-F67C-4B51-9923-38ED7D3552A3}.Release|Any CPU.Build.0 = Release|Any CPU
		{82063637-F67C-4B51-9923-38ED7D3552A3}.Release|x64.ActiveCfg = Release|Any CPU
		{82063637-F67C-4B51-9923-38ED7D3552A3}.Release|x64.Build.0 = Release|Any CPU
		{82063637-F67C-4B51-9923-38ED7D3552A3}.Release|x86.ActiveCfg = Release|Any CPU
		{82063637-F67C-4B51-9923-38ED7D3552A3}.Release|x86.Build.0 = Release|Any CPU
		{2FEFC7F7-814D-4FDB-84CA-946137373160}.Debug|Any CPU.ActiveCfg = Debug|Any CPU
		{2FEFC7F7-814D-4FDB-84CA-946137373160}.Debug|Any CPU.Build.0 = Debug|Any CPU
		{2FEFC7F7-814D-4FDB-84CA-946137373160}.Debug|x64.ActiveCfg = Debug|Any CPU
		{2FEFC7F7-814D-4FDB-84CA-946137373160}.Debug|x64.Build.0 = Debug|Any CPU
		{2FEFC7F7-814D-4FDB-84CA-946137373160}.Debug|x86.ActiveCfg = Debug|Any CPU
		{2FEFC7F7-814D-4FDB-84CA-946137373160}.Debug|x86.Build.0 = Debug|Any CPU
		{2FEFC7F7-814D-4FDB-84CA-946137373160}.Release|Any CPU.ActiveCfg = Release|Any CPU
		{2FEFC7F7-814D-4FDB-84CA-946137373160}.Release|Any CPU.Build.0 = Release|Any CPU
		{2FEFC7F7-814D-4FDB-84CA-946137373160}.Release|x64.ActiveCfg = Release|Any CPU
		{2FEFC7F7-814D-4FDB-84CA-946137373160}.Release|x64.Build.0 = Release|Any CPU
		{2FEFC7F7-814D-4FDB-84CA-946137373160}.Release|x86.ActiveCfg = Release|Any CPU
		{2FEFC7F7-814D-4FDB-84CA-946137373160}.Release|x86.Build.0 = Release|Any CPU
		{4054E2C0-AC30-44EA-916E-73DD9FB3F2D0}.Debug|Any CPU.ActiveCfg = Debug|Any CPU
		{4054E2C0-AC30-44EA-916E-73DD9FB3F2D0}.Debug|Any CPU.Build.0 = Debug|Any CPU
		{4054E2C0-AC30-44EA-916E-73DD9FB3F2D0}.Debug|x64.ActiveCfg = Debug|Any CPU
		{4054E2C0-AC30-44EA-916E-73DD9FB3F2D0}.Debug|x64.Build.0 = Debug|Any CPU
		{4054E2C0-AC30-44EA-916E-73DD9FB3F2D0}.Debug|x86.ActiveCfg = Debug|Any CPU
		{4054E2C0-AC30-44EA-916E-73DD9FB3F2D0}.Debug|x86.Build.0 = Debug|Any CPU
		{4054E2C0-AC30-44EA-916E-73DD9FB3F2D0}.Release|Any CPU.ActiveCfg = Release|Any CPU
		{4054E2C0-AC30-44EA-916E-73DD9FB3F2D0}.Release|Any CPU.Build.0 = Release|Any CPU
		{4054E2C0-AC30-44EA-916E-73DD9FB3F2D0}.Release|x64.ActiveCfg = Release|Any CPU
		{4054E2C0-AC30-44EA-916E-73DD9FB3F2D0}.Release|x64.Build.0 = Release|Any CPU
		{4054E2C0-AC30-44EA-916E-73DD9FB3F2D0}.Release|x86.ActiveCfg = Release|Any CPU
		{4054E2C0-AC30-44EA-916E-73DD9FB3F2D0}.Release|x86.Build.0 = Release|Any CPU
		{5AC10438-6EFC-408F-86F9-8B969C91DF9D}.Debug|Any CPU.ActiveCfg = Debug|Any CPU
		{5AC10438-6EFC-408F-86F9-8B969C91DF9D}.Debug|Any CPU.Build.0 = Debug|Any CPU
		{5AC10438-6EFC-408F-86F9-8B969C91DF9D}.Debug|x64.ActiveCfg = Debug|Any CPU
		{5AC10438-6EFC-408F-86F9-8B969C91DF9D}.Debug|x64.Build.0 = Debug|Any CPU
		{5AC10438-6EFC-408F-86F9-8B969C91DF9D}.Debug|x86.ActiveCfg = Debug|Any CPU
		{5AC10438-6EFC-408F-86F9-8B969C91DF9D}.Debug|x86.Build.0 = Debug|Any CPU
		{5AC10438-6EFC-408F-86F9-8B969C91DF9D}.Release|Any CPU.ActiveCfg = Release|Any CPU
		{5AC10438-6EFC-408F-86F9-8B969C91DF9D}.Release|Any CPU.Build.0 = Release|Any CPU
		{5AC10438-6EFC-408F-86F9-8B969C91DF9D}.Release|x64.ActiveCfg = Release|Any CPU
		{5AC10438-6EFC-408F-86F9-8B969C91DF9D}.Release|x64.Build.0 = Release|Any CPU
		{5AC10438-6EFC-408F-86F9-8B969C91DF9D}.Release|x86.ActiveCfg = Release|Any CPU
		{5AC10438-6EFC-408F-86F9-8B969C91DF9D}.Release|x86.Build.0 = Release|Any CPU
		{F6366D73-08CF-4169-A05D-DC69047703E0}.Debug|Any CPU.ActiveCfg = Debug|Any CPU
		{F6366D73-08CF-4169-A05D-DC69047703E0}.Debug|Any CPU.Build.0 = Debug|Any CPU
		{F6366D73-08CF-4169-A05D-DC69047703E0}.Debug|x64.ActiveCfg = Debug|Any CPU
		{F6366D73-08CF-4169-A05D-DC69047703E0}.Debug|x64.Build.0 = Debug|Any CPU
		{F6366D73-08CF-4169-A05D-DC69047703E0}.Debug|x86.ActiveCfg = Debug|Any CPU
		{F6366D73-08CF-4169-A05D-DC69047703E0}.Debug|x86.Build.0 = Debug|Any CPU
		{F6366D73-08CF-4169-A05D-DC69047703E0}.Release|Any CPU.ActiveCfg = Release|Any CPU
		{F6366D73-08CF-4169-A05D-DC69047703E0}.Release|Any CPU.Build.0 = Release|Any CPU
		{F6366D73-08CF-4169-A05D-DC69047703E0}.Release|x64.ActiveCfg = Release|Any CPU
		{F6366D73-08CF-4169-A05D-DC69047703E0}.Release|x64.Build.0 = Release|Any CPU
		{F6366D73-08CF-4169-A05D-DC69047703E0}.Release|x86.ActiveCfg = Release|Any CPU
		{F6366D73-08CF-4169-A05D-DC69047703E0}.Release|x86.Build.0 = Release|Any CPU
		{71B85140-6468-4747-AF42-C1C0F04A4D80}.Debug|Any CPU.ActiveCfg = Debug|Any CPU
		{71B85140-6468-4747-AF42-C1C0F04A4D80}.Debug|Any CPU.Build.0 = Debug|Any CPU
		{71B85140-6468-4747-AF42-C1C0F04A4D80}.Debug|x64.ActiveCfg = Debug|Any CPU
		{71B85140-6468-4747-AF42-C1C0F04A4D80}.Debug|x64.Build.0 = Debug|Any CPU
		{71B85140-6468-4747-AF42-C1C0F04A4D80}.Debug|x86.ActiveCfg = Debug|Any CPU
		{71B85140-6468-4747-AF42-C1C0F04A4D80}.Debug|x86.Build.0 = Debug|Any CPU
		{71B85140-6468-4747-AF42-C1C0F04A4D80}.Release|Any CPU.ActiveCfg = Release|Any CPU
		{71B85140-6468-4747-AF42-C1C0F04A4D80}.Release|Any CPU.Build.0 = Release|Any CPU
		{71B85140-6468-4747-AF42-C1C0F04A4D80}.Release|x64.ActiveCfg = Release|Any CPU
		{71B85140-6468-4747-AF42-C1C0F04A4D80}.Release|x64.Build.0 = Release|Any CPU
		{71B85140-6468-4747-AF42-C1C0F04A4D80}.Release|x86.ActiveCfg = Release|Any CPU
		{71B85140-6468-4747-AF42-C1C0F04A4D80}.Release|x86.Build.0 = Release|Any CPU
		{5BCF7EB4-33AC-4139-8466-41E06FF86072}.Debug|Any CPU.ActiveCfg = Debug|Any CPU
		{5BCF7EB4-33AC-4139-8466-41E06FF86072}.Debug|Any CPU.Build.0 = Debug|Any CPU
		{5BCF7EB4-33AC-4139-8466-41E06FF86072}.Debug|x64.ActiveCfg = Debug|Any CPU
		{5BCF7EB4-33AC-4139-8466-41E06FF86072}.Debug|x64.Build.0 = Debug|Any CPU
		{5BCF7EB4-33AC-4139-8466-41E06FF86072}.Debug|x86.ActiveCfg = Debug|Any CPU
		{5BCF7EB4-33AC-4139-8466-41E06FF86072}.Debug|x86.Build.0 = Debug|Any CPU
		{5BCF7EB4-33AC-4139-8466-41E06FF86072}.Release|Any CPU.ActiveCfg = Release|Any CPU
		{5BCF7EB4-33AC-4139-8466-41E06FF86072}.Release|Any CPU.Build.0 = Release|Any CPU
		{5BCF7EB4-33AC-4139-8466-41E06FF86072}.Release|x64.ActiveCfg = Release|Any CPU
		{5BCF7EB4-33AC-4139-8466-41E06FF86072}.Release|x64.Build.0 = Release|Any CPU
		{5BCF7EB4-33AC-4139-8466-41E06FF86072}.Release|x86.ActiveCfg = Release|Any CPU
		{5BCF7EB4-33AC-4139-8466-41E06FF86072}.Release|x86.Build.0 = Release|Any CPU
		{00D197D9-6F57-44FA-A399-FFEA61603B28}.Debug|Any CPU.ActiveCfg = Debug|Any CPU
		{00D197D9-6F57-44FA-A399-FFEA61603B28}.Debug|Any CPU.Build.0 = Debug|Any CPU
		{00D197D9-6F57-44FA-A399-FFEA61603B28}.Debug|x64.ActiveCfg = Debug|Any CPU
		{00D197D9-6F57-44FA-A399-FFEA61603B28}.Debug|x64.Build.0 = Debug|Any CPU
		{00D197D9-6F57-44FA-A399-FFEA61603B28}.Debug|x86.ActiveCfg = Debug|Any CPU
		{00D197D9-6F57-44FA-A399-FFEA61603B28}.Debug|x86.Build.0 = Debug|Any CPU
		{00D197D9-6F57-44FA-A399-FFEA61603B28}.Release|Any CPU.ActiveCfg = Release|Any CPU
		{00D197D9-6F57-44FA-A399-FFEA61603B28}.Release|Any CPU.Build.0 = Release|Any CPU
		{00D197D9-6F57-44FA-A399-FFEA61603B28}.Release|x64.ActiveCfg = Release|Any CPU
		{00D197D9-6F57-44FA-A399-FFEA61603B28}.Release|x64.Build.0 = Release|Any CPU
		{00D197D9-6F57-44FA-A399-FFEA61603B28}.Release|x86.ActiveCfg = Release|Any CPU
		{00D197D9-6F57-44FA-A399-FFEA61603B28}.Release|x86.Build.0 = Release|Any CPU
		{ABC3D682-4A02-46FB-8EC3-27D0119D3042}.Debug|Any CPU.ActiveCfg = Debug|Any CPU
		{ABC3D682-4A02-46FB-8EC3-27D0119D3042}.Debug|Any CPU.Build.0 = Debug|Any CPU
		{ABC3D682-4A02-46FB-8EC3-27D0119D3042}.Debug|x64.ActiveCfg = Debug|Any CPU
		{ABC3D682-4A02-46FB-8EC3-27D0119D3042}.Debug|x64.Build.0 = Debug|Any CPU
		{ABC3D682-4A02-46FB-8EC3-27D0119D3042}.Debug|x86.ActiveCfg = Debug|Any CPU
		{ABC3D682-4A02-46FB-8EC3-27D0119D3042}.Debug|x86.Build.0 = Debug|Any CPU
		{ABC3D682-4A02-46FB-8EC3-27D0119D3042}.Release|Any CPU.ActiveCfg = Release|Any CPU
		{ABC3D682-4A02-46FB-8EC3-27D0119D3042}.Release|Any CPU.Build.0 = Release|Any CPU
		{ABC3D682-4A02-46FB-8EC3-27D0119D3042}.Release|x64.ActiveCfg = Release|Any CPU
		{ABC3D682-4A02-46FB-8EC3-27D0119D3042}.Release|x64.Build.0 = Release|Any CPU
		{ABC3D682-4A02-46FB-8EC3-27D0119D3042}.Release|x86.ActiveCfg = Release|Any CPU
		{ABC3D682-4A02-46FB-8EC3-27D0119D3042}.Release|x86.Build.0 = Release|Any CPU
		{9A192B06-8970-4763-AB78-4B1C9FA854E1}.Debug|Any CPU.ActiveCfg = Debug|Any CPU
		{9A192B06-8970-4763-AB78-4B1C9FA854E1}.Debug|Any CPU.Build.0 = Debug|Any CPU
		{9A192B06-8970-4763-AB78-4B1C9FA854E1}.Debug|x64.ActiveCfg = Debug|Any CPU
		{9A192B06-8970-4763-AB78-4B1C9FA854E1}.Debug|x64.Build.0 = Debug|Any CPU
		{9A192B06-8970-4763-AB78-4B1C9FA854E1}.Debug|x86.ActiveCfg = Debug|Any CPU
		{9A192B06-8970-4763-AB78-4B1C9FA854E1}.Debug|x86.Build.0 = Debug|Any CPU
		{9A192B06-8970-4763-AB78-4B1C9FA854E1}.Release|Any CPU.ActiveCfg = Release|Any CPU
		{9A192B06-8970-4763-AB78-4B1C9FA854E1}.Release|Any CPU.Build.0 = Release|Any CPU
		{9A192B06-8970-4763-AB78-4B1C9FA854E1}.Release|x64.ActiveCfg = Release|Any CPU
		{9A192B06-8970-4763-AB78-4B1C9FA854E1}.Release|x64.Build.0 = Release|Any CPU
		{9A192B06-8970-4763-AB78-4B1C9FA854E1}.Release|x86.ActiveCfg = Release|Any CPU
		{9A192B06-8970-4763-AB78-4B1C9FA854E1}.Release|x86.Build.0 = Release|Any CPU
		{97265DE9-5B64-459B-A768-2B8C6311FE11}.Debug|Any CPU.ActiveCfg = Debug|Any CPU
		{97265DE9-5B64-459B-A768-2B8C6311FE11}.Debug|Any CPU.Build.0 = Debug|Any CPU
		{97265DE9-5B64-459B-A768-2B8C6311FE11}.Debug|x64.ActiveCfg = Debug|Any CPU
		{97265DE9-5B64-459B-A768-2B8C6311FE11}.Debug|x64.Build.0 = Debug|Any CPU
		{97265DE9-5B64-459B-A768-2B8C6311FE11}.Debug|x86.ActiveCfg = Debug|Any CPU
		{97265DE9-5B64-459B-A768-2B8C6311FE11}.Debug|x86.Build.0 = Debug|Any CPU
		{97265DE9-5B64-459B-A768-2B8C6311FE11}.Release|Any CPU.ActiveCfg = Release|Any CPU
		{97265DE9-5B64-459B-A768-2B8C6311FE11}.Release|Any CPU.Build.0 = Release|Any CPU
		{97265DE9-5B64-459B-A768-2B8C6311FE11}.Release|x64.ActiveCfg = Release|Any CPU
		{97265DE9-5B64-459B-A768-2B8C6311FE11}.Release|x64.Build.0 = Release|Any CPU
		{97265DE9-5B64-459B-A768-2B8C6311FE11}.Release|x86.ActiveCfg = Release|Any CPU
		{97265DE9-5B64-459B-A768-2B8C6311FE11}.Release|x86.Build.0 = Release|Any CPU
		{D00B8345-6472-4EF9-8953-CFCA8734DA6F}.Debug|Any CPU.ActiveCfg = Debug|Any CPU
		{D00B8345-6472-4EF9-8953-CFCA8734DA6F}.Debug|Any CPU.Build.0 = Debug|Any CPU
		{D00B8345-6472-4EF9-8953-CFCA8734DA6F}.Debug|x64.ActiveCfg = Debug|Any CPU
		{D00B8345-6472-4EF9-8953-CFCA8734DA6F}.Debug|x64.Build.0 = Debug|Any CPU
		{D00B8345-6472-4EF9-8953-CFCA8734DA6F}.Debug|x86.ActiveCfg = Debug|Any CPU
		{D00B8345-6472-4EF9-8953-CFCA8734DA6F}.Debug|x86.Build.0 = Debug|Any CPU
		{D00B8345-6472-4EF9-8953-CFCA8734DA6F}.Release|Any CPU.ActiveCfg = Release|Any CPU
		{D00B8345-6472-4EF9-8953-CFCA8734DA6F}.Release|Any CPU.Build.0 = Release|Any CPU
		{D00B8345-6472-4EF9-8953-CFCA8734DA6F}.Release|x64.ActiveCfg = Release|Any CPU
		{D00B8345-6472-4EF9-8953-CFCA8734DA6F}.Release|x64.Build.0 = Release|Any CPU
		{D00B8345-6472-4EF9-8953-CFCA8734DA6F}.Release|x86.ActiveCfg = Release|Any CPU
		{D00B8345-6472-4EF9-8953-CFCA8734DA6F}.Release|x86.Build.0 = Release|Any CPU
		{5DC86AB2-C224-49F4-8AB3-C91DC8186FD7}.Debug|Any CPU.ActiveCfg = Debug|Any CPU
		{5DC86AB2-C224-49F4-8AB3-C91DC8186FD7}.Debug|Any CPU.Build.0 = Debug|Any CPU
		{5DC86AB2-C224-49F4-8AB3-C91DC8186FD7}.Debug|x64.ActiveCfg = Debug|Any CPU
		{5DC86AB2-C224-49F4-8AB3-C91DC8186FD7}.Debug|x64.Build.0 = Debug|Any CPU
		{5DC86AB2-C224-49F4-8AB3-C91DC8186FD7}.Debug|x86.ActiveCfg = Debug|Any CPU
		{5DC86AB2-C224-49F4-8AB3-C91DC8186FD7}.Debug|x86.Build.0 = Debug|Any CPU
		{5DC86AB2-C224-49F4-8AB3-C91DC8186FD7}.Release|Any CPU.ActiveCfg = Release|Any CPU
		{5DC86AB2-C224-49F4-8AB3-C91DC8186FD7}.Release|Any CPU.Build.0 = Release|Any CPU
		{5DC86AB2-C224-49F4-8AB3-C91DC8186FD7}.Release|x64.ActiveCfg = Release|Any CPU
		{5DC86AB2-C224-49F4-8AB3-C91DC8186FD7}.Release|x64.Build.0 = Release|Any CPU
		{5DC86AB2-C224-49F4-8AB3-C91DC8186FD7}.Release|x86.ActiveCfg = Release|Any CPU
		{5DC86AB2-C224-49F4-8AB3-C91DC8186FD7}.Release|x86.Build.0 = Release|Any CPU
		{F152E4A8-B9B2-4AAC-A27E-760D391F2D2D}.Debug|Any CPU.ActiveCfg = Debug|Any CPU
		{F152E4A8-B9B2-4AAC-A27E-760D391F2D2D}.Debug|Any CPU.Build.0 = Debug|Any CPU
		{F152E4A8-B9B2-4AAC-A27E-760D391F2D2D}.Debug|x64.ActiveCfg = Debug|Any CPU
		{F152E4A8-B9B2-4AAC-A27E-760D391F2D2D}.Debug|x64.Build.0 = Debug|Any CPU
		{F152E4A8-B9B2-4AAC-A27E-760D391F2D2D}.Debug|x86.ActiveCfg = Debug|Any CPU
		{F152E4A8-B9B2-4AAC-A27E-760D391F2D2D}.Debug|x86.Build.0 = Debug|Any CPU
		{F152E4A8-B9B2-4AAC-A27E-760D391F2D2D}.Release|Any CPU.ActiveCfg = Release|Any CPU
		{F152E4A8-B9B2-4AAC-A27E-760D391F2D2D}.Release|Any CPU.Build.0 = Release|Any CPU
		{F152E4A8-B9B2-4AAC-A27E-760D391F2D2D}.Release|x64.ActiveCfg = Release|Any CPU
		{F152E4A8-B9B2-4AAC-A27E-760D391F2D2D}.Release|x64.Build.0 = Release|Any CPU
		{F152E4A8-B9B2-4AAC-A27E-760D391F2D2D}.Release|x86.ActiveCfg = Release|Any CPU
		{F152E4A8-B9B2-4AAC-A27E-760D391F2D2D}.Release|x86.Build.0 = Release|Any CPU
		{168D97AB-4D17-4015-BCFC-6CC1FA24E747}.Debug|Any CPU.ActiveCfg = Debug|Any CPU
		{168D97AB-4D17-4015-BCFC-6CC1FA24E747}.Debug|Any CPU.Build.0 = Debug|Any CPU
		{168D97AB-4D17-4015-BCFC-6CC1FA24E747}.Debug|x64.ActiveCfg = Debug|Any CPU
		{168D97AB-4D17-4015-BCFC-6CC1FA24E747}.Debug|x64.Build.0 = Debug|Any CPU
		{168D97AB-4D17-4015-BCFC-6CC1FA24E747}.Debug|x86.ActiveCfg = Debug|Any CPU
		{168D97AB-4D17-4015-BCFC-6CC1FA24E747}.Debug|x86.Build.0 = Debug|Any CPU
		{168D97AB-4D17-4015-BCFC-6CC1FA24E747}.Release|Any CPU.ActiveCfg = Release|Any CPU
		{168D97AB-4D17-4015-BCFC-6CC1FA24E747}.Release|Any CPU.Build.0 = Release|Any CPU
		{168D97AB-4D17-4015-BCFC-6CC1FA24E747}.Release|x64.ActiveCfg = Release|Any CPU
		{168D97AB-4D17-4015-BCFC-6CC1FA24E747}.Release|x64.Build.0 = Release|Any CPU
		{168D97AB-4D17-4015-BCFC-6CC1FA24E747}.Release|x86.ActiveCfg = Release|Any CPU
		{168D97AB-4D17-4015-BCFC-6CC1FA24E747}.Release|x86.Build.0 = Release|Any CPU
		{6FB12A7F-4285-4D64-B972-A3F07E416448}.Debug|Any CPU.ActiveCfg = Debug|Any CPU
		{6FB12A7F-4285-4D64-B972-A3F07E416448}.Debug|Any CPU.Build.0 = Debug|Any CPU
		{6FB12A7F-4285-4D64-B972-A3F07E416448}.Debug|x64.ActiveCfg = Debug|Any CPU
		{6FB12A7F-4285-4D64-B972-A3F07E416448}.Debug|x64.Build.0 = Debug|Any CPU
		{6FB12A7F-4285-4D64-B972-A3F07E416448}.Debug|x86.ActiveCfg = Debug|Any CPU
		{6FB12A7F-4285-4D64-B972-A3F07E416448}.Debug|x86.Build.0 = Debug|Any CPU
		{6FB12A7F-4285-4D64-B972-A3F07E416448}.Release|Any CPU.ActiveCfg = Release|Any CPU
		{6FB12A7F-4285-4D64-B972-A3F07E416448}.Release|Any CPU.Build.0 = Release|Any CPU
		{6FB12A7F-4285-4D64-B972-A3F07E416448}.Release|x64.ActiveCfg = Release|Any CPU
		{6FB12A7F-4285-4D64-B972-A3F07E416448}.Release|x64.Build.0 = Release|Any CPU
		{6FB12A7F-4285-4D64-B972-A3F07E416448}.Release|x86.ActiveCfg = Release|Any CPU
		{6FB12A7F-4285-4D64-B972-A3F07E416448}.Release|x86.Build.0 = Release|Any CPU
		{E1E0B039-2714-40EE-9BF2-0864D3D3535A}.Debug|Any CPU.ActiveCfg = Debug|Any CPU
		{E1E0B039-2714-40EE-9BF2-0864D3D3535A}.Debug|Any CPU.Build.0 = Debug|Any CPU
		{E1E0B039-2714-40EE-9BF2-0864D3D3535A}.Debug|x64.ActiveCfg = Debug|Any CPU
		{E1E0B039-2714-40EE-9BF2-0864D3D3535A}.Debug|x64.Build.0 = Debug|Any CPU
		{E1E0B039-2714-40EE-9BF2-0864D3D3535A}.Debug|x86.ActiveCfg = Debug|Any CPU
		{E1E0B039-2714-40EE-9BF2-0864D3D3535A}.Debug|x86.Build.0 = Debug|Any CPU
		{E1E0B039-2714-40EE-9BF2-0864D3D3535A}.Release|Any CPU.ActiveCfg = Release|Any CPU
		{E1E0B039-2714-40EE-9BF2-0864D3D3535A}.Release|Any CPU.Build.0 = Release|Any CPU
		{E1E0B039-2714-40EE-9BF2-0864D3D3535A}.Release|x64.ActiveCfg = Release|Any CPU
		{E1E0B039-2714-40EE-9BF2-0864D3D3535A}.Release|x64.Build.0 = Release|Any CPU
		{E1E0B039-2714-40EE-9BF2-0864D3D3535A}.Release|x86.ActiveCfg = Release|Any CPU
		{E1E0B039-2714-40EE-9BF2-0864D3D3535A}.Release|x86.Build.0 = Release|Any CPU
		{E8842271-ECA1-41BD-B360-E3C73505BAEC}.Debug|Any CPU.ActiveCfg = Debug|Any CPU
		{E8842271-ECA1-41BD-B360-E3C73505BAEC}.Debug|Any CPU.Build.0 = Debug|Any CPU
		{E8842271-ECA1-41BD-B360-E3C73505BAEC}.Debug|x64.ActiveCfg = Debug|Any CPU
		{E8842271-ECA1-41BD-B360-E3C73505BAEC}.Debug|x64.Build.0 = Debug|Any CPU
		{E8842271-ECA1-41BD-B360-E3C73505BAEC}.Debug|x86.ActiveCfg = Debug|Any CPU
		{E8842271-ECA1-41BD-B360-E3C73505BAEC}.Debug|x86.Build.0 = Debug|Any CPU
		{E8842271-ECA1-41BD-B360-E3C73505BAEC}.Release|Any CPU.ActiveCfg = Release|Any CPU
		{E8842271-ECA1-41BD-B360-E3C73505BAEC}.Release|Any CPU.Build.0 = Release|Any CPU
		{E8842271-ECA1-41BD-B360-E3C73505BAEC}.Release|x64.ActiveCfg = Release|Any CPU
		{E8842271-ECA1-41BD-B360-E3C73505BAEC}.Release|x64.Build.0 = Release|Any CPU
		{E8842271-ECA1-41BD-B360-E3C73505BAEC}.Release|x86.ActiveCfg = Release|Any CPU
		{E8842271-ECA1-41BD-B360-E3C73505BAEC}.Release|x86.Build.0 = Release|Any CPU
		{F3036FE7-8B03-4B47-AE6D-93E99C09FF8F}.Debug|Any CPU.ActiveCfg = Debug|Any CPU
		{F3036FE7-8B03-4B47-AE6D-93E99C09FF8F}.Debug|Any CPU.Build.0 = Debug|Any CPU
		{F3036FE7-8B03-4B47-AE6D-93E99C09FF8F}.Debug|x64.ActiveCfg = Debug|Any CPU
		{F3036FE7-8B03-4B47-AE6D-93E99C09FF8F}.Debug|x64.Build.0 = Debug|Any CPU
		{F3036FE7-8B03-4B47-AE6D-93E99C09FF8F}.Debug|x86.ActiveCfg = Debug|Any CPU
		{F3036FE7-8B03-4B47-AE6D-93E99C09FF8F}.Debug|x86.Build.0 = Debug|Any CPU
		{F3036FE7-8B03-4B47-AE6D-93E99C09FF8F}.Release|Any CPU.ActiveCfg = Release|Any CPU
		{F3036FE7-8B03-4B47-AE6D-93E99C09FF8F}.Release|Any CPU.Build.0 = Release|Any CPU
		{F3036FE7-8B03-4B47-AE6D-93E99C09FF8F}.Release|x64.ActiveCfg = Release|Any CPU
		{F3036FE7-8B03-4B47-AE6D-93E99C09FF8F}.Release|x64.Build.0 = Release|Any CPU
		{F3036FE7-8B03-4B47-AE6D-93E99C09FF8F}.Release|x86.ActiveCfg = Release|Any CPU
		{F3036FE7-8B03-4B47-AE6D-93E99C09FF8F}.Release|x86.Build.0 = Release|Any CPU
		{C829B479-3D3B-48EE-BDD7-5EFB40340166}.Debug|Any CPU.ActiveCfg = Debug|Any CPU
		{C829B479-3D3B-48EE-BDD7-5EFB40340166}.Debug|Any CPU.Build.0 = Debug|Any CPU
		{C829B479-3D3B-48EE-BDD7-5EFB40340166}.Debug|x64.ActiveCfg = Debug|Any CPU
		{C829B479-3D3B-48EE-BDD7-5EFB40340166}.Debug|x64.Build.0 = Debug|Any CPU
		{C829B479-3D3B-48EE-BDD7-5EFB40340166}.Debug|x86.ActiveCfg = Debug|Any CPU
		{C829B479-3D3B-48EE-BDD7-5EFB40340166}.Debug|x86.Build.0 = Debug|Any CPU
		{C829B479-3D3B-48EE-BDD7-5EFB40340166}.Release|Any CPU.ActiveCfg = Release|Any CPU
		{C829B479-3D3B-48EE-BDD7-5EFB40340166}.Release|Any CPU.Build.0 = Release|Any CPU
		{C829B479-3D3B-48EE-BDD7-5EFB40340166}.Release|x64.ActiveCfg = Release|Any CPU
		{C829B479-3D3B-48EE-BDD7-5EFB40340166}.Release|x64.Build.0 = Release|Any CPU
		{C829B479-3D3B-48EE-BDD7-5EFB40340166}.Release|x86.ActiveCfg = Release|Any CPU
		{C829B479-3D3B-48EE-BDD7-5EFB40340166}.Release|x86.Build.0 = Release|Any CPU
		{0D898742-CF37-46F9-AD41-42D7A9DDEDDC}.Debug|Any CPU.ActiveCfg = Debug|Any CPU
		{0D898742-CF37-46F9-AD41-42D7A9DDEDDC}.Debug|Any CPU.Build.0 = Debug|Any CPU
		{0D898742-CF37-46F9-AD41-42D7A9DDEDDC}.Debug|x64.ActiveCfg = Debug|Any CPU
		{0D898742-CF37-46F9-AD41-42D7A9DDEDDC}.Debug|x64.Build.0 = Debug|Any CPU
		{0D898742-CF37-46F9-AD41-42D7A9DDEDDC}.Debug|x86.ActiveCfg = Debug|Any CPU
		{0D898742-CF37-46F9-AD41-42D7A9DDEDDC}.Debug|x86.Build.0 = Debug|Any CPU
		{0D898742-CF37-46F9-AD41-42D7A9DDEDDC}.Release|Any CPU.ActiveCfg = Release|Any CPU
		{0D898742-CF37-46F9-AD41-42D7A9DDEDDC}.Release|Any CPU.Build.0 = Release|Any CPU
		{0D898742-CF37-46F9-AD41-42D7A9DDEDDC}.Release|x64.ActiveCfg = Release|Any CPU
		{0D898742-CF37-46F9-AD41-42D7A9DDEDDC}.Release|x64.Build.0 = Release|Any CPU
		{0D898742-CF37-46F9-AD41-42D7A9DDEDDC}.Release|x86.ActiveCfg = Release|Any CPU
		{0D898742-CF37-46F9-AD41-42D7A9DDEDDC}.Release|x86.Build.0 = Release|Any CPU
		{058292DF-E791-4206-9F67-DBCD76BB284C}.Debug|Any CPU.ActiveCfg = Debug|Any CPU
		{058292DF-E791-4206-9F67-DBCD76BB284C}.Debug|Any CPU.Build.0 = Debug|Any CPU
		{058292DF-E791-4206-9F67-DBCD76BB284C}.Debug|x64.ActiveCfg = Debug|Any CPU
		{058292DF-E791-4206-9F67-DBCD76BB284C}.Debug|x64.Build.0 = Debug|Any CPU
		{058292DF-E791-4206-9F67-DBCD76BB284C}.Debug|x86.ActiveCfg = Debug|Any CPU
		{058292DF-E791-4206-9F67-DBCD76BB284C}.Debug|x86.Build.0 = Debug|Any CPU
		{058292DF-E791-4206-9F67-DBCD76BB284C}.Release|Any CPU.ActiveCfg = Release|Any CPU
		{058292DF-E791-4206-9F67-DBCD76BB284C}.Release|Any CPU.Build.0 = Release|Any CPU
		{058292DF-E791-4206-9F67-DBCD76BB284C}.Release|x64.ActiveCfg = Release|Any CPU
		{058292DF-E791-4206-9F67-DBCD76BB284C}.Release|x64.Build.0 = Release|Any CPU
		{058292DF-E791-4206-9F67-DBCD76BB284C}.Release|x86.ActiveCfg = Release|Any CPU
		{058292DF-E791-4206-9F67-DBCD76BB284C}.Release|x86.Build.0 = Release|Any CPU
		{BAEF98B9-BF0F-47E3-993E-5FDD37B71193}.Debug|Any CPU.ActiveCfg = Debug|Any CPU
		{BAEF98B9-BF0F-47E3-993E-5FDD37B71193}.Debug|Any CPU.Build.0 = Debug|Any CPU
		{BAEF98B9-BF0F-47E3-993E-5FDD37B71193}.Debug|x64.ActiveCfg = Debug|Any CPU
		{BAEF98B9-BF0F-47E3-993E-5FDD37B71193}.Debug|x64.Build.0 = Debug|Any CPU
		{BAEF98B9-BF0F-47E3-993E-5FDD37B71193}.Debug|x86.ActiveCfg = Debug|Any CPU
		{BAEF98B9-BF0F-47E3-993E-5FDD37B71193}.Debug|x86.Build.0 = Debug|Any CPU
		{BAEF98B9-BF0F-47E3-993E-5FDD37B71193}.Release|Any CPU.ActiveCfg = Release|Any CPU
		{BAEF98B9-BF0F-47E3-993E-5FDD37B71193}.Release|Any CPU.Build.0 = Release|Any CPU
		{BAEF98B9-BF0F-47E3-993E-5FDD37B71193}.Release|x64.ActiveCfg = Release|Any CPU
		{BAEF98B9-BF0F-47E3-993E-5FDD37B71193}.Release|x64.Build.0 = Release|Any CPU
		{BAEF98B9-BF0F-47E3-993E-5FDD37B71193}.Release|x86.ActiveCfg = Release|Any CPU
		{BAEF98B9-BF0F-47E3-993E-5FDD37B71193}.Release|x86.Build.0 = Release|Any CPU
		{C32AA0AE-46ED-49CE-9E4F-84B45130D2CE}.Debug|Any CPU.ActiveCfg = Debug|Any CPU
		{C32AA0AE-46ED-49CE-9E4F-84B45130D2CE}.Debug|Any CPU.Build.0 = Debug|Any CPU
		{C32AA0AE-46ED-49CE-9E4F-84B45130D2CE}.Debug|x64.ActiveCfg = Debug|Any CPU
		{C32AA0AE-46ED-49CE-9E4F-84B45130D2CE}.Debug|x64.Build.0 = Debug|Any CPU
		{C32AA0AE-46ED-49CE-9E4F-84B45130D2CE}.Debug|x86.ActiveCfg = Debug|Any CPU
		{C32AA0AE-46ED-49CE-9E4F-84B45130D2CE}.Debug|x86.Build.0 = Debug|Any CPU
		{C32AA0AE-46ED-49CE-9E4F-84B45130D2CE}.Release|Any CPU.ActiveCfg = Release|Any CPU
		{C32AA0AE-46ED-49CE-9E4F-84B45130D2CE}.Release|Any CPU.Build.0 = Release|Any CPU
		{C32AA0AE-46ED-49CE-9E4F-84B45130D2CE}.Release|x64.ActiveCfg = Release|Any CPU
		{C32AA0AE-46ED-49CE-9E4F-84B45130D2CE}.Release|x64.Build.0 = Release|Any CPU
		{C32AA0AE-46ED-49CE-9E4F-84B45130D2CE}.Release|x86.ActiveCfg = Release|Any CPU
		{C32AA0AE-46ED-49CE-9E4F-84B45130D2CE}.Release|x86.Build.0 = Release|Any CPU
	EndGlobalSection
	GlobalSection(SolutionProperties) = preSolution
		HideSolutionNode = FALSE
	EndGlobalSection
EndGlobal
