
Microsoft Visual Studio Solution File, Format Version 12.00
# Visual Studio Version 17
VisualStudioVersion = 17.0.31903.59
MinimumVisualStudioVersion = 10.0.40219.1
Project("{FAE04EC0-301F-11D3-BF4B-00C04F79EFBC}") = "SabreTools.IO", "SabreTools.IO.csproj", "{87CE4411-80D9-49FF-894C-761F1C20D9A5}"
EndProject
Global
	GlobalSection(SolutionConfigurationPlatforms) = preSolution
		Debug|Any CPU = Debug|Any CPU
		Release|Any CPU = Release|Any CPU
	EndGlobalSection
	GlobalSection(SolutionProperties) = preSolution
		HideSolutionNode = FALSE
	EndGlobalSection
	GlobalSection(ProjectConfigurationPlatforms) = postSolution
		{87CE4411-80D9-49FF-894C-761F1C20D9A5}.Debug|Any CPU.ActiveCfg = Debug|Any CPU
		{87CE4411-80D9-49FF-894C-761F1C20D9A5}.Debug|Any CPU.Build.0 = Debug|Any CPU
		{87CE4411-80D9-49FF-894C-761F1C20D9A5}.Release|Any CPU.ActiveCfg = Release|Any CPU
		{87CE4411-80D9-49FF-894C-761F1C20D9A5}.Release|Any CPU.Build.0 = Release|Any CPU
	EndGlobalSection
EndGlobal
